
Microsoft Visual Studio Solution File, Format Version 12.00
# Visual Studio 15
VisualStudioVersion = 15.0.28010.2050
MinimumVisualStudioVersion = 10.0.40219.1
Project("{9092AA53-FB77-4645-B42D-1CCCA6BD08BD}") = "nodejs", "nodejs\nodejs.njsproj", "{D7C8854A-A690-4D47-A808-494D5EE47B8F}"
EndProject
Project("{9092AA53-FB77-4645-B42D-1CCCA6BD08BD}") = "html", "html\html.njsproj", "{A11B528E-A5CA-497F-B3D3-1412E2CAF281}"
EndProject
Project("{FAE04EC0-301F-11D3-BF4B-00C04F79EFBC}") = "dotnet", "dotnet\dotnet.csproj", "{E8AE0C53-97D4-48AE-BBA2-8C0DF93E77BA}"
EndProject
Global
	GlobalSection(SolutionConfigurationPlatforms) = preSolution
		Debug|Any CPU = Debug|Any CPU
		Release|Any CPU = Release|Any CPU
	EndGlobalSection
	GlobalSection(ProjectConfigurationPlatforms) = postSolution
		{D7C8854A-A690-4D47-A808-494D5EE47B8F}.Debug|Any CPU.ActiveCfg = Debug|Any CPU
		{D7C8854A-A690-4D47-A808-494D5EE47B8F}.Debug|Any CPU.Build.0 = Debug|Any CPU
		{D7C8854A-A690-4D47-A808-494D5EE47B8F}.Release|Any CPU.ActiveCfg = Release|Any CPU
		{D7C8854A-A690-4D47-A808-494D5EE47B8F}.Release|Any CPU.Build.0 = Release|Any CPU
		{A11B528E-A5CA-497F-B3D3-1412E2CAF281}.Debug|Any CPU.ActiveCfg = Debug|Any CPU
		{A11B528E-A5CA-497F-B3D3-1412E2CAF281}.Debug|Any CPU.Build.0 = Debug|Any CPU
		{A11B528E-A5CA-497F-B3D3-1412E2CAF281}.Release|Any CPU.ActiveCfg = Release|Any CPU
		{A11B528E-A5CA-497F-B3D3-1412E2CAF281}.Release|Any CPU.Build.0 = Release|Any CPU
		{E8AE0C53-97D4-48AE-BBA2-8C0DF93E77BA}.Debug|Any CPU.ActiveCfg = Debug|Any CPU
		{E8AE0C53-97D4-48AE-BBA2-8C0DF93E77BA}.Debug|Any CPU.Build.0 = Debug|Any CPU
		{E8AE0C53-97D4-48AE-BBA2-8C0DF93E77BA}.Release|Any CPU.ActiveCfg = Release|Any CPU
		{E8AE0C53-97D4-48AE-BBA2-8C0DF93E77BA}.Release|Any CPU.Build.0 = Release|Any CPU
	EndGlobalSection
	GlobalSection(SolutionProperties) = preSolution
		HideSolutionNode = FALSE
	EndGlobalSection
	GlobalSection(ExtensibilityGlobals) = postSolution
		SolutionGuid = {826D2BEB-8852-4A93-95D8-04C29D25F1FD}
	EndGlobalSection
	GlobalSection(TeamFoundationVersionControl) = preSolution
		SccNumberOfProjects = 4
		SccEnterpriseProvider = {4CA58AB2-18FA-4F8D-95D4-32DDF27D184C}
		SccTeamFoundationServer = http://tfs:8080/tfs/mescar
		SccLocalPath0 = .
		SccProjectUniqueName1 = html\\html.njsproj
		SccProjectName1 = html
		SccLocalPath1 = html
		SccProjectUniqueName2 = nodejs\\nodejs.njsproj
		SccProjectName2 = nodejs
		SccLocalPath2 = nodejs
		SccProjectUniqueName3 = dotnet\\dotnet.csproj
		SccProjectName3 = dotnet
		SccLocalPath3 = dotnet
	EndGlobalSection
EndGlobal
